Microsoft Visual Studio Solution File, Format Version 12.00
# Visual Studio 14
Project("{8BC9CEB8-8B4A-11D0-8D11-00A0C91BC942}") = "ALL_BUILD", "ALL_BUILD.vcxproj", "{DCB05CCD-1482-321E-9E59-0CE2C02B003A}"
	ProjectSection(ProjectDependencies) = postProject
		{4A5B9714-FA2F-39C6-89F5-EB465EF70BC5} = {4A5B9714-FA2F-39C6-89F5-EB465EF70BC5}
		{DACD9E25-90BB-31B3-9801-78EE01B6A469} = {DACD9E25-90BB-31B3-9801-78EE01B6A469}
		{52C692E8-53D0-3E42-9F1F-7D1567C0F6A7} = {52C692E8-53D0-3E42-9F1F-7D1567C0F6A7}
		{E3C9A9A9-667F-3A27-8D7A-F0652EDF70A3} = {E3C9A9A9-667F-3A27-8D7A-F0652EDF70A3}
		{A3149FDE-C735-34C1-BD13-CE57180F82D1} = {A3149FDE-C735-34C1-BD13-CE57180F82D1}
		{B27041BD-4FD1-3261-89F9-DF6B01A06B08} = {B27041BD-4FD1-3261-89F9-DF6B01A06B08}
		{3CC71653-2B98-3F38-89B5-ABDFCECFE6BB} = {3CC71653-2B98-3F38-89B5-ABDFCECFE6BB}
		{676DE435-5B60-3EBA-97C6-4B366820F1C9} = {676DE435-5B60-3EBA-97C6-4B366820F1C9}
		{0AB9C861-C45C-3DE8-A2F4-38D866461B43} = {0AB9C861-C45C-3DE8-A2F4-38D866461B43}
		{3EBB8BEC-1423-3353-98BD-A7B39EC6430B} = {3EBB8BEC-1423-3353-98BD-A7B39EC6430B}
		{AF07F4B6-C15D-363F-8A2F-D152BA863646} = {AF07F4B6-C15D-363F-8A2F-D152BA863646}
		{F4F6EE9D-4F25-3523-BB2C-A5469C963F72} = {F4F6EE9D-4F25-3523-BB2C-A5469C963F72}
		{AF730A1B-6047-39EC-A710-09B294AE9EAD} = {AF730A1B-6047-39EC-A710-09B294AE9EAD}
		{B71FCA19-71CA-3FCA-A6AC-4C19ED4DFDBD} = {B71FCA19-71CA-3FCA-A6AC-4C19ED4DFDBD}
		{61FAFB2F-E552-36D9-99F8-47F014000707} = {61FAFB2F-E552-36D9-99F8-47F014000707}
		{C1D67A17-7539-3514-B4B5-1B12606FEA3B} = {C1D67A17-7539-3514-B4B5-1B12606FEA3B}
		{3500324C-3F9A-31BE-BE53-C6E74D63D2B4} = {3500324C-3F9A-31BE-BE53-C6E74D63D2B4}
		{C9261F71-71DE-3581-B366-DCE37AA799A0} = {C9261F71-71DE-3581-B366-DCE37AA799A0}
		{EEA48550-DDFF-356D-9FB8-4CF4BD700469} = {EEA48550-DDFF-356D-9FB8-4CF4BD700469}
		{60D05F84-77E6-3E51-B831-B19CF2C2E137} = {60D05F84-77E6-3E51-B831-B19CF2C2E137}
		{41E1AB7C-498E-3908-ADEA-0B17BD559252} = {41E1AB7C-498E-3908-ADEA-0B17BD559252}
		{F7DD389C-1DD0-35B1-813E-DAE3FED46EE2} = {F7DD389C-1DD0-35B1-813E-DAE3FED46EE2}
		{683F6641-5414-3D7C-A058-CBB39C4ADA78} = {683F6641-5414-3D7C-A058-CBB39C4ADA78}
		{729F25AC-E3B9-38EA-9238-41AB53D633D3} = {729F25AC-E3B9-38EA-9238-41AB53D633D3}
		{E133D185-2F29-3053-9CD4-0A7E14BFF749} = {E133D185-2F29-3053-9CD4-0A7E14BFF749}
		{6E81AC62-4135-390B-BCEB-167F78DF744C} = {6E81AC62-4135-390B-BCEB-167F78DF744C}
		{66C79A70-9980-3E89-9966-0A0F633E1F15} = {66C79A70-9980-3E89-9966-0A0F633E1F15}
		{025FA489-E94F-3B6C-82D6-6A88B5423117} = {025FA489-E94F-3B6C-82D6-6A88B5423117}
		{16539A64-F4B3-32D8-8AC2-D4F265143072} = {16539A64-F4B3-32D8-8AC2-D4F265143072}
		{B99E3C85-5E5A-399A-A7F5-3283990FDF4C} = {B99E3C85-5E5A-399A-A7F5-3283990FDF4C}
		{CD1C15B1-1BC1-31C3-94B8-C3B0D7618130} = {CD1C15B1-1BC1-31C3-94B8-C3B0D7618130}
		{465E9341-F8C2-3F5F-B50D-BE74F32C3373} = {465E9341-F8C2-3F5F-B50D-BE74F32C3373}
		{D7C6EEB6-6DCE-3B97-A937-86DE9F48BB6F} = {D7C6EEB6-6DCE-3B97-A937-86DE9F48BB6F}
		{BC6FB5FD-F138-3033-A040-5D6133FACE52} = {BC6FB5FD-F138-3033-A040-5D6133FACE52}
	EndProjectSection
EndProject
Project("{8BC9CEB8-8B4A-11D0-8D11-00A0C91BC942}") = "AppBasicExampleGui", "examples\BasicDemo\AppBasicExampleGui.vcxproj", "{4A5B9714-FA2F-39C6-89F5-EB465EF70BC5}"
	ProjectSection(ProjectDependencies) = postProject
		{3CC71653-2B98-3F38-89B5-ABDFCECFE6BB} = {3CC71653-2B98-3F38-89B5-ABDFCECFE6BB}
		{AF07F4B6-C15D-363F-8A2F-D152BA863646} = {AF07F4B6-C15D-363F-8A2F-D152BA863646}
		{F4F6EE9D-4F25-3523-BB2C-A5469C963F72} = {F4F6EE9D-4F25-3523-BB2C-A5469C963F72}
		{729F25AC-E3B9-38EA-9238-41AB53D633D3} = {729F25AC-E3B9-38EA-9238-41AB53D633D3}
		{E133D185-2F29-3053-9CD4-0A7E14BFF749} = {E133D185-2F29-3053-9CD4-0A7E14BFF749}
		{465E9341-F8C2-3F5F-B50D-BE74F32C3373} = {465E9341-F8C2-3F5F-B50D-BE74F32C3373}
	EndProjectSection
EndProject
Project("{8BC9CEB8-8B4A-11D0-8D11-00A0C91BC942}") = "App_BasicExample", "examples\BasicDemo\App_BasicExample.vcxproj", "{DACD9E25-90BB-31B3-9801-78EE01B6A469}"
	ProjectSection(ProjectDependencies) = postProject
		{AF07F4B6-C15D-363F-8A2F-D152BA863646} = {AF07F4B6-C15D-363F-8A2F-D152BA863646}
		{F4F6EE9D-4F25-3523-BB2C-A5469C963F72} = {F4F6EE9D-4F25-3523-BB2C-A5469C963F72}
		{729F25AC-E3B9-38EA-9238-41AB53D633D3} = {729F25AC-E3B9-38EA-9238-41AB53D633D3}
		{465E9341-F8C2-3F5F-B50D-BE74F32C3373} = {465E9341-F8C2-3F5F-B50D-BE74F32C3373}
	EndProjectSection
EndProject
Project("{8BC9CEB8-8B4A-11D0-8D11-00A0C91BC942}") = "App_ExampleBrowser", "examples\ExampleBrowser\App_ExampleBrowser.vcxproj", "{52C692E8-53D0-3E42-9F1F-7D1567C0F6A7}"
	ProjectSection(ProjectDependencies) = postProject
		{3CC71653-2B98-3F38-89B5-ABDFCECFE6BB} = {3CC71653-2B98-3F38-89B5-ABDFCECFE6BB}
		{AF07F4B6-C15D-363F-8A2F-D152BA863646} = {AF07F4B6-C15D-363F-8A2F-D152BA863646}
		{F4F6EE9D-4F25-3523-BB2C-A5469C963F72} = {F4F6EE9D-4F25-3523-BB2C-A5469C963F72}
		{AF730A1B-6047-39EC-A710-09B294AE9EAD} = {AF730A1B-6047-39EC-A710-09B294AE9EAD}
		{61FAFB2F-E552-36D9-99F8-47F014000707} = {61FAFB2F-E552-36D9-99F8-47F014000707}
		{C1D67A17-7539-3514-B4B5-1B12606FEA3B} = {C1D67A17-7539-3514-B4B5-1B12606FEA3B}
		{3500324C-3F9A-31BE-BE53-C6E74D63D2B4} = {3500324C-3F9A-31BE-BE53-C6E74D63D2B4}
		{60D05F84-77E6-3E51-B831-B19CF2C2E137} = {60D05F84-77E6-3E51-B831-B19CF2C2E137}
		{729F25AC-E3B9-38EA-9238-41AB53D633D3} = {729F25AC-E3B9-38EA-9238-41AB53D633D3}
		{E133D185-2F29-3053-9CD4-0A7E14BFF749} = {E133D185-2F29-3053-9CD4-0A7E14BFF749}
		{465E9341-F8C2-3F5F-B50D-BE74F32C3373} = {465E9341-F8C2-3F5F-B50D-BE74F32C3373}
		{BC6FB5FD-F138-3033-A040-5D6133FACE52} = {BC6FB5FD-F138-3033-A040-5D6133FACE52}
	EndProjectSection
EndProject
Project("{8BC9CEB8-8B4A-11D0-8D11-00A0C91BC942}") = "App_HelloWorld", "examples\HelloWorld\App_HelloWorld.vcxproj", "{E3C9A9A9-667F-3A27-8D7A-F0652EDF70A3}"
	ProjectSection(ProjectDependencies) = postProject
		{AF07F4B6-C15D-363F-8A2F-D152BA863646} = {AF07F4B6-C15D-363F-8A2F-D152BA863646}
		{F4F6EE9D-4F25-3523-BB2C-A5469C963F72} = {F4F6EE9D-4F25-3523-BB2C-A5469C963F72}
		{729F25AC-E3B9-38EA-9238-41AB53D633D3} = {729F25AC-E3B9-38EA-9238-41AB53D633D3}
		{465E9341-F8C2-3F5F-B50D-BE74F32C3373} = {465E9341-F8C2-3F5F-B50D-BE74F32C3373}
	EndProjectSection
EndProject
Project("{8BC9CEB8-8B4A-11D0-8D11-00A0C91BC942}") = "Bullet2FileLoader", "src\Bullet3Serialize\Bullet2FileLoader\Bullet2FileLoader.vcxproj", "{A3149FDE-C735-34C1-BD13-CE57180F82D1}"
	ProjectSection(ProjectDependencies) = postProject
		{465E9341-F8C2-3F5F-B50D-BE74F32C3373} = {465E9341-F8C2-3F5F-B50D-BE74F32C3373}
	EndProjectSection
EndProject
Project("{8BC9CEB8-8B4A-11D0-8D11-00A0C91BC942}") = "Bullet3Collision", "src\Bullet3Collision\Bullet3Collision.vcxproj", "{B27041BD-4FD1-3261-89F9-DF6B01A06B08}"
	ProjectSection(ProjectDependencies) = postProject
		{465E9341-F8C2-3F5F-B50D-BE74F32C3373} = {465E9341-F8C2-3F5F-B50D-BE74F32C3373}
	EndProjectSection
EndProject
Project("{8BC9CEB8-8B4A-11D0-8D11-00A0C91BC942}") = "Bullet3Common", "src\Bullet3Common\Bullet3Common.vcxproj", "{3CC71653-2B98-3F38-89B5-ABDFCECFE6BB}"
	ProjectSection(ProjectDependencies) = postProject
		{465E9341-F8C2-3F5F-B50D-BE74F32C3373} = {465E9341-F8C2-3F5F-B50D-BE74F32C3373}
	EndProjectSection
EndProject
Project("{8BC9CEB8-8B4A-11D0-8D11-00A0C91BC942}") = "Bullet3Dynamics", "src\Bullet3Dynamics\Bullet3Dynamics.vcxproj", "{676DE435-5B60-3EBA-97C6-4B366820F1C9}"
	ProjectSection(ProjectDependencies) = postProject
		{465E9341-F8C2-3F5F-B50D-BE74F32C3373} = {465E9341-F8C2-3F5F-B50D-BE74F32C3373}
	EndProjectSection
EndProject
Project("{8BC9CEB8-8B4A-11D0-8D11-00A0C91BC942}") = "Bullet3Geometry", "src\Bullet3Geometry\Bullet3Geometry.vcxproj", "{0AB9C861-C45C-3DE8-A2F4-38D866461B43}"
	ProjectSection(ProjectDependencies) = postProject
		{465E9341-F8C2-3F5F-B50D-BE74F32C3373} = {465E9341-F8C2-3F5F-B50D-BE74F32C3373}
	EndProjectSection
EndProject
Project("{8BC9CEB8-8B4A-11D0-8D11-00A0C91BC942}") = "Bullet3OpenCL_clew", "src\Bullet3OpenCL\Bullet3OpenCL_clew.vcxproj", "{3EBB8BEC-1423-3353-98BD-A7B39EC6430B}"
	ProjectSection(ProjectDependencies) = postProject
		{465E9341-F8C2-3F5F-B50D-BE74F32C3373} = {465E9341-F8C2-3F5F-B50D-BE74F32C3373}
	EndProjectSection
EndProject
Project("{8BC9CEB8-8B4A-11D0-8D11-00A0C91BC942}") = "BulletCollision", "src\BulletCollision\BulletCollision.vcxproj", "{AF07F4B6-C15D-363F-8A2F-D152BA863646}"
	ProjectSection(ProjectDependencies) = postProject
		{465E9341-F8C2-3F5F-B50D-BE74F32C3373} = {465E9341-F8C2-3F5F-B50D-BE74F32C3373}
	EndProjectSection
EndProject
Project("{8BC9CEB8-8B4A-11D0-8D11-00A0C91BC942}") = "BulletDynamics", "src\BulletDynamics\BulletDynamics.vcxproj", "{F4F6EE9D-4F25-3523-BB2C-A5469C963F72}"
	ProjectSection(ProjectDependencies) = postProject
		{465E9341-F8C2-3F5F-B50D-BE74F32C3373} = {465E9341-F8C2-3F5F-B50D-BE74F32C3373}
	EndProjectSection
EndProject
Project("{8BC9CEB8-8B4A-11D0-8D11-00A0C91BC942}") = "BulletExampleBrowserLib", "examples\ExampleBrowser\BulletExampleBrowserLib.vcxproj", "{AF730A1B-6047-39EC-A710-09B294AE9EAD}"
	ProjectSection(ProjectDependencies) = postProject
		{465E9341-F8C2-3F5F-B50D-BE74F32C3373} = {465E9341-F8C2-3F5F-B50D-BE74F32C3373}
	EndProjectSection
EndProject
Project("{8BC9CEB8-8B4A-11D0-8D11-00A0C91BC942}") = "BulletFileLoader", "Extras\Serialize\BulletFileLoader\BulletFileLoader.vcxproj", "{B71FCA19-71CA-3FCA-A6AC-4C19ED4DFDBD}"
	ProjectSection(ProjectDependencies) = postProject
		{465E9341-F8C2-3F5F-B50D-BE74F32C3373} = {465E9341-F8C2-3F5F-B50D-BE74F32C3373}
	EndProjectSection
EndProject
Project("{8BC9CEB8-8B4A-11D0-8D11-00A0C91BC942}") = "BulletInverseDynamics", "src\BulletInverseDynamics\BulletInverseDynamics.vcxproj", "{61FAFB2F-E552-36D9-99F8-47F014000707}"
	ProjectSection(ProjectDependencies) = postProject
		{465E9341-F8C2-3F5F-B50D-BE74F32C3373} = {465E9341-F8C2-3F5F-B50D-BE74F32C3373}
	EndProjectSection
EndProject
Project("{8BC9CEB8-8B4A-11D0-8D11-00A0C91BC942}") = "BulletInverseDynamicsUtils", "Extras\InverseDynamics\BulletInverseDynamicsUtils.vcxproj", "{C1D67A17-7539-3514-B4B5-1B12606FEA3B}"
	ProjectSection(ProjectDependencies) = postProject
		{465E9341-F8C2-3F5F-B50D-BE74F32C3373} = {465E9341-F8C2-3F5F-B50D-BE74F32C3373}
	EndProjectSection
EndProject
Project("{8BC9CEB8-8B4A-11D0-8D11-00A0C91BC942}") = "BulletSoftBody", "src\BulletSoftBody\BulletSoftBody.vcxproj", "{3500324C-3F9A-31BE-BE53-C6E74D63D2B4}"
	ProjectSection(ProjectDependencies) = postProject
		{465E9341-F8C2-3F5F-B50D-BE74F32C3373} = {465E9341-F8C2-3F5F-B50D-BE74F32C3373}
	EndProjectSection
EndProject
Project("{8BC9CEB8-8B4A-11D0-8D11-00A0C91BC942}") = "BulletWorldImporter", "Extras\Serialize\BulletWorldImporter\BulletWorldImporter.vcxproj", "{C9261F71-71DE-3581-B366-DCE37AA799A0}"
	ProjectSection(ProjectDependencies) = postProject
		{465E9341-F8C2-3F5F-B50D-BE74F32C3373} = {465E9341-F8C2-3F5F-B50D-BE74F32C3373}
	EndProjectSection
EndProject
Project("{8BC9CEB8-8B4A-11D0-8D11-00A0C91BC942}") = "BulletXmlWorldImporter", "Extras\Serialize\BulletXmlWorldImporter\BulletXmlWorldImporter.vcxproj", "{EEA48550-DDFF-356D-9FB8-4CF4BD700469}"
	ProjectSection(ProjectDependencies) = postProject
		{465E9341-F8C2-3F5F-B50D-BE74F32C3373} = {465E9341-F8C2-3F5F-B50D-BE74F32C3373}
	EndProjectSection
EndProject
Project("{8BC9CEB8-8B4A-11D0-8D11-00A0C91BC942}") = "BussIK", "examples\ThirdPartyLibs\BussIK\BussIK.vcxproj", "{60D05F84-77E6-3E51-B831-B19CF2C2E137}"
	ProjectSection(ProjectDependencies) = postProject
		{465E9341-F8C2-3F5F-B50D-BE74F32C3373} = {465E9341-F8C2-3F5F-B50D-BE74F32C3373}
	EndProjectSection
EndProject
Project("{8BC9CEB8-8B4A-11D0-8D11-00A0C91BC942}") = "ConvexDecomposition", "Extras\ConvexDecomposition\ConvexDecomposition.vcxproj", "{41E1AB7C-498E-3908-ADEA-0B17BD559252}"
	ProjectSection(ProjectDependencies) = postProject
		{465E9341-F8C2-3F5F-B50D-BE74F32C3373} = {465E9341-F8C2-3F5F-B50D-BE74F32C3373}
	EndProjectSection
EndProject
Project("{8BC9CEB8-8B4A-11D0-8D11-00A0C91BC942}") = "GIMPACTUtils", "Extras\GIMPACTUtils\GIMPACTUtils.vcxproj", "{F7DD389C-1DD0-35B1-813E-DAE3FED46EE2}"
	ProjectSection(ProjectDependencies) = postProject
		{465E9341-F8C2-3F5F-B50D-BE74F32C3373} = {465E9341-F8C2-3F5F-B50D-BE74F32C3373}
	EndProjectSection
EndProject
Project("{8BC9CEB8-8B4A-11D0-8D11-00A0C91BC942}") = "HACD", "Extras\HACD\HACD.vcxproj", "{683F6641-5414-3D7C-A058-CBB39C4ADA78}"
	ProjectSection(ProjectDependencies) = postProject
		{465E9341-F8C2-3F5F-B50D-BE74F32C3373} = {465E9341-F8C2-3F5F-B50D-BE74F32C3373}
	EndProjectSection
EndProject
Project("{8BC9CEB8-8B4A-11D0-8D11-00A0C91BC942}") = "INSTALL", "INSTALL.vcxproj", "{2A39F399-1FD7-3A57-8F0F-37D838E2F4C4}"
	ProjectSection(ProjectDependencies) = postProject
		{DCB05CCD-1482-321E-9E59-0CE2C02B003A} = {DCB05CCD-1482-321E-9E59-0CE2C02B003A}
		{465E9341-F8C2-3F5F-B50D-BE74F32C3373} = {465E9341-F8C2-3F5F-B50D-BE74F32C3373}
	EndProjectSection
EndProject
Project("{8BC9CEB8-8B4A-11D0-8D11-00A0C91BC942}") = "LinearMath", "src\LinearMath\LinearMath.vcxproj", "{729F25AC-E3B9-38EA-9238-41AB53D633D3}"
	ProjectSection(ProjectDependencies) = postProject
		{465E9341-F8C2-3F5F-B50D-BE74F32C3373} = {465E9341-F8C2-3F5F-B50D-BE74F32C3373}
	EndProjectSection
EndProject
Project("{8BC9CEB8-8B4A-11D0-8D11-00A0C91BC942}") = "OpenGLWindow", "examples\OpenGLWindow\OpenGLWindow.vcxproj", "{E133D185-2F29-3053-9CD4-0A7E14BFF749}"
	ProjectSection(ProjectDependencies) = postProject
		{465E9341-F8C2-3F5F-B50D-BE74F32C3373} = {465E9341-F8C2-3F5F-B50D-BE74F32C3373}
	EndProjectSection
EndProject
Project("{8BC9CEB8-8B4A-11D0-8D11-00A0C91BC942}") = "RUN_TESTS", "RUN_TESTS.vcxproj", "{3E42E04A-B4B2-3277-ACA9-9138193E606B}"
	ProjectSection(ProjectDependencies) = postProject
		{465E9341-F8C2-3F5F-B50D-BE74F32C3373} = {465E9341-F8C2-3F5F-B50D-BE74F32C3373}
	EndProjectSection
EndProject
Project("{8BC9CEB8-8B4A-11D0-8D11-00A0C91BC942}") = "Test_BulletDynamics", "test\BulletDynamics\pendulum\Test_BulletDynamics.vcxproj", "{6E81AC62-4135-390B-BCEB-167F78DF744C}"
	ProjectSection(ProjectDependencies) = postProject
		{AF07F4B6-C15D-363F-8A2F-D152BA863646} = {AF07F4B6-C15D-363F-8A2F-D152BA863646}
		{F4F6EE9D-4F25-3523-BB2C-A5469C963F72} = {F4F6EE9D-4F25-3523-BB2C-A5469C963F72}
		{729F25AC-E3B9-38EA-9238-41AB53D633D3} = {729F25AC-E3B9-38EA-9238-41AB53D633D3}
		{465E9341-F8C2-3F5F-B50D-BE74F32C3373} = {465E9341-F8C2-3F5F-B50D-BE74F32C3373}
		{D7C6EEB6-6DCE-3B97-A937-86DE9F48BB6F} = {D7C6EEB6-6DCE-3B97-A937-86DE9F48BB6F}
	EndProjectSection
EndProject
Project("{8BC9CEB8-8B4A-11D0-8D11-00A0C91BC942}") = "Test_BulletInverseDynamics", "test\InverseDynamics\Test_BulletInverseDynamics.vcxproj", "{66C79A70-9980-3E89-9966-0A0F633E1F15}"
	ProjectSection(ProjectDependencies) = postProject
		{3CC71653-2B98-3F38-89B5-ABDFCECFE6BB} = {3CC71653-2B98-3F38-89B5-ABDFCECFE6BB}
		{AF07F4B6-C15D-363F-8A2F-D152BA863646} = {AF07F4B6-C15D-363F-8A2F-D152BA863646}
		{F4F6EE9D-4F25-3523-BB2C-A5469C963F72} = {F4F6EE9D-4F25-3523-BB2C-A5469C963F72}
		{61FAFB2F-E552-36D9-99F8-47F014000707} = {61FAFB2F-E552-36D9-99F8-47F014000707}
		{C1D67A17-7539-3514-B4B5-1B12606FEA3B} = {C1D67A17-7539-3514-B4B5-1B12606FEA3B}
		{729F25AC-E3B9-38EA-9238-41AB53D633D3} = {729F25AC-E3B9-38EA-9238-41AB53D633D3}
		{465E9341-F8C2-3F5F-B50D-BE74F32C3373} = {465E9341-F8C2-3F5F-B50D-BE74F32C3373}
		{D7C6EEB6-6DCE-3B97-A937-86DE9F48BB6F} = {D7C6EEB6-6DCE-3B97-A937-86DE9F48BB6F}
	EndProjectSection
EndProject
Project("{8BC9CEB8-8B4A-11D0-8D11-00A0C91BC942}") = "Test_BulletInverseDynamicsJacobian", "test\InverseDynamics\Test_BulletInverseDynamicsJacobian.vcxproj", "{025FA489-E94F-3B6C-82D6-6A88B5423117}"
	ProjectSection(ProjectDependencies) = postProject
		{3CC71653-2B98-3F38-89B5-ABDFCECFE6BB} = {3CC71653-2B98-3F38-89B5-ABDFCECFE6BB}
		{61FAFB2F-E552-36D9-99F8-47F014000707} = {61FAFB2F-E552-36D9-99F8-47F014000707}
		{C1D67A17-7539-3514-B4B5-1B12606FEA3B} = {C1D67A17-7539-3514-B4B5-1B12606FEA3B}
		{729F25AC-E3B9-38EA-9238-41AB53D633D3} = {729F25AC-E3B9-38EA-9238-41AB53D633D3}
		{465E9341-F8C2-3F5F-B50D-BE74F32C3373} = {465E9341-F8C2-3F5F-B50D-BE74F32C3373}
		{D7C6EEB6-6DCE-3B97-A937-86DE9F48BB6F} = {D7C6EEB6-6DCE-3B97-A937-86DE9F48BB6F}
	EndProjectSection
EndProject
Project("{8BC9CEB8-8B4A-11D0-8D11-00A0C91BC942}") = "Test_BulletInverseForwardDynamics", "test\InverseDynamics\Test_BulletInverseForwardDynamics.vcxproj", "{16539A64-F4B3-32D8-8AC2-D4F265143072}"
	ProjectSection(ProjectDependencies) = postProject
		{3CC71653-2B98-3F38-89B5-ABDFCECFE6BB} = {3CC71653-2B98-3F38-89B5-ABDFCECFE6BB}
		{AF07F4B6-C15D-363F-8A2F-D152BA863646} = {AF07F4B6-C15D-363F-8A2F-D152BA863646}
		{F4F6EE9D-4F25-3523-BB2C-A5469C963F72} = {F4F6EE9D-4F25-3523-BB2C-A5469C963F72}
		{61FAFB2F-E552-36D9-99F8-47F014000707} = {61FAFB2F-E552-36D9-99F8-47F014000707}
		{C1D67A17-7539-3514-B4B5-1B12606FEA3B} = {C1D67A17-7539-3514-B4B5-1B12606FEA3B}
		{729F25AC-E3B9-38EA-9238-41AB53D633D3} = {729F25AC-E3B9-38EA-9238-41AB53D633D3}
		{465E9341-F8C2-3F5F-B50D-BE74F32C3373} = {465E9341-F8C2-3F5F-B50D-BE74F32C3373}
		{D7C6EEB6-6DCE-3B97-A937-86DE9F48BB6F} = {D7C6EEB6-6DCE-3B97-A937-86DE9F48BB6F}
	EndProjectSection
EndProject
Project("{8BC9CEB8-8B4A-11D0-8D11-00A0C91BC942}") = "Test_Collision", "test\collision\Test_Collision.vcxproj", "{B99E3C85-5E5A-399A-A7F5-3283990FDF4C}"
	ProjectSection(ProjectDependencies) = postProject
		{729F25AC-E3B9-38EA-9238-41AB53D633D3} = {729F25AC-E3B9-38EA-9238-41AB53D633D3}
		{465E9341-F8C2-3F5F-B50D-BE74F32C3373} = {465E9341-F8C2-3F5F-B50D-BE74F32C3373}
		{D7C6EEB6-6DCE-3B97-A937-86DE9F48BB6F} = {D7C6EEB6-6DCE-3B97-A937-86DE9F48BB6F}
	EndProjectSection
EndProject
Project("{8BC9CEB8-8B4A-11D0-8D11-00A0C91BC942}") = "Test_PhysicsClientServer", "test\SharedMemory\Test_PhysicsClientServer.vcxproj", "{CD1C15B1-1BC1-31C3-94B8-C3B0D7618130}"
	ProjectSection(ProjectDependencies) = postProject
		{3CC71653-2B98-3F38-89B5-ABDFCECFE6BB} = {3CC71653-2B98-3F38-89B5-ABDFCECFE6BB}
		{AF07F4B6-C15D-363F-8A2F-D152BA863646} = {AF07F4B6-C15D-363F-8A2F-D152BA863646}
		{F4F6EE9D-4F25-3523-BB2C-A5469C963F72} = {F4F6EE9D-4F25-3523-BB2C-A5469C963F72}
		{B71FCA19-71CA-3FCA-A6AC-4C19ED4DFDBD} = {B71FCA19-71CA-3FCA-A6AC-4C19ED4DFDBD}
		{61FAFB2F-E552-36D9-99F8-47F014000707} = {61FAFB2F-E552-36D9-99F8-47F014000707}
		{C1D67A17-7539-3514-B4B5-1B12606FEA3B} = {C1D67A17-7539-3514-B4B5-1B12606FEA3B}
		{C9261F71-71DE-3581-B366-DCE37AA799A0} = {C9261F71-71DE-3581-B366-DCE37AA799A0}
		{60D05F84-77E6-3E51-B831-B19CF2C2E137} = {60D05F84-77E6-3E51-B831-B19CF2C2E137}
		{729F25AC-E3B9-38EA-9238-41AB53D633D3} = {729F25AC-E3B9-38EA-9238-41AB53D633D3}
		{465E9341-F8C2-3F5F-B50D-BE74F32C3373} = {465E9341-F8C2-3F5F-B50D-BE74F32C3373}
		{D7C6EEB6-6DCE-3B97-A937-86DE9F48BB6F} = {D7C6EEB6-6DCE-3B97-A937-86DE9F48BB6F}
	EndProjectSection
EndProject
Project("{8BC9CEB8-8B4A-11D0-8D11-00A0C91BC942}") = "ZERO_CHECK", "ZERO_CHECK.vcxproj", "{465E9341-F8C2-3F5F-B50D-BE74F32C3373}"
	ProjectSection(ProjectDependencies) = postProject
	EndProjectSection
EndProject
Project("{8BC9CEB8-8B4A-11D0-8D11-00A0C91BC942}") = "gtest", "test\gtest-1.7.0\gtest.vcxproj", "{D7C6EEB6-6DCE-3B97-A937-86DE9F48BB6F}"
	ProjectSection(ProjectDependencies) = postProject
		{465E9341-F8C2-3F5F-B50D-BE74F32C3373} = {465E9341-F8C2-3F5F-B50D-BE74F32C3373}
	EndProjectSection
EndProject
Project("{8BC9CEB8-8B4A-11D0-8D11-00A0C91BC942}") = "gwen", "examples\ThirdPartyLibs\Gwen\gwen.vcxproj", "{BC6FB5FD-F138-3033-A040-5D6133FACE52}"
	ProjectSection(ProjectDependencies) = postProject
		{465E9341-F8C2-3F5F-B50D-BE74F32C3373} = {465E9341-F8C2-3F5F-B50D-BE74F32C3373}
	EndProjectSection
EndProject
Global
	GlobalSection(SolutionConfigurationPlatforms) = preSolution
		Debug|Win32 = Debug|Win32
		Release|Win32 = Release|Win32
		MinSizeRel|Win32 = MinSizeRel|Win32
		RelWithDebInfo|Win32 = RelWithDebInfo|Win32
	EndGlobalSection
	GlobalSection(ProjectConfigurationPlatforms) = postSolution
		{DCB05CCD-1482-321E-9E59-0CE2C02B003A}.Debug|Win32.ActiveCfg = Debug|Win32
		{DCB05CCD-1482-321E-9E59-0CE2C02B003A}.Debug|Win32.Build.0 = Debug|Win32
		{DCB05CCD-1482-321E-9E59-0CE2C02B003A}.Release|Win32.ActiveCfg = Release|Win32
		{DCB05CCD-1482-321E-9E59-0CE2C02B003A}.Release|Win32.Build.0 = Release|Win32
		{DCB05CCD-1482-321E-9E59-0CE2C02B003A}.MinSizeRel|Win32.ActiveCfg = MinSizeRel|Win32
		{DCB05CCD-1482-321E-9E59-0CE2C02B003A}.MinSizeRel|Win32.Build.0 = MinSizeRel|Win32
		{DCB05CCD-1482-321E-9E59-0CE2C02B003A}.RelWithDebInfo|Win32.ActiveCfg = RelWithDebInfo|Win32
		{DCB05CCD-1482-321E-9E59-0CE2C02B003A}.RelWithDebInfo|Win32.Build.0 = RelWithDebInfo|Win32
		{4A5B9714-FA2F-39C6-89F5-EB465EF70BC5}.Debug|Win32.ActiveCfg = Debug|Win32
		{4A5B9714-FA2F-39C6-89F5-EB465EF70BC5}.Debug|Win32.Build.0 = Debug|Win32
		{4A5B9714-FA2F-39C6-89F5-EB465EF70BC5}.Release|Win32.ActiveCfg = Release|Win32
		{4A5B9714-FA2F-39C6-89F5-EB465EF70BC5}.Release|Win32.Build.0 = Release|Win32
		{4A5B9714-FA2F-39C6-89F5-EB465EF70BC5}.MinSizeRel|Win32.ActiveCfg = MinSizeRel|Win32
		{4A5B9714-FA2F-39C6-89F5-EB465EF70BC5}.MinSizeRel|Win32.Build.0 = MinSizeRel|Win32
		{4A5B9714-FA2F-39C6-89F5-EB465EF70BC5}.RelWithDebInfo|Win32.ActiveCfg = RelWithDebInfo|Win32
		{4A5B9714-FA2F-39C6-89F5-EB465EF70BC5}.RelWithDebInfo|Win32.Build.0 = RelWithDebInfo|Win32
		{DACD9E25-90BB-31B3-9801-78EE01B6A469}.Debug|Win32.ActiveCfg = Debug|Win32
		{DACD9E25-90BB-31B3-9801-78EE01B6A469}.Debug|Win32.Build.0 = Debug|Win32
		{DACD9E25-90BB-31B3-9801-78EE01B6A469}.Release|Win32.ActiveCfg = Release|Win32
		{DACD9E25-90BB-31B3-9801-78EE01B6A469}.Release|Win32.Build.0 = Release|Win32
		{DACD9E25-90BB-31B3-9801-78EE01B6A469}.MinSizeRel|Win32.ActiveCfg = MinSizeRel|Win32
		{DACD9E25-90BB-31B3-9801-78EE01B6A469}.MinSizeRel|Win32.Build.0 = MinSizeRel|Win32
		{DACD9E25-90BB-31B3-9801-78EE01B6A469}.RelWithDebInfo|Win32.ActiveCfg = RelWithDebInfo|Win32
		{DACD9E25-90BB-31B3-9801-78EE01B6A469}.RelWithDebInfo|Win32.Build.0 = RelWithDebInfo|Win32
		{52C692E8-53D0-3E42-9F1F-7D1567C0F6A7}.Debug|Win32.ActiveCfg = Debug|Win32
		{52C692E8-53D0-3E42-9F1F-7D1567C0F6A7}.Debug|Win32.Build.0 = Debug|Win32
		{52C692E8-53D0-3E42-9F1F-7D1567C0F6A7}.Release|Win32.ActiveCfg = Release|Win32
		{52C692E8-53D0-3E42-9F1F-7D1567C0F6A7}.Release|Win32.Build.0 = Release|Win32
		{52C692E8-53D0-3E42-9F1F-7D1567C0F6A7}.MinSizeRel|Win32.ActiveCfg = MinSizeRel|Win32
		{52C692E8-53D0-3E42-9F1F-7D1567C0F6A7}.MinSizeRel|Win32.Build.0 = MinSizeRel|Win32
		{52C692E8-53D0-3E42-9F1F-7D1567C0F6A7}.RelWithDebInfo|Win32.ActiveCfg = RelWithDebInfo|Win32
		{52C692E8-53D0-3E42-9F1F-7D1567C0F6A7}.RelWithDebInfo|Win32.Build.0 = RelWithDebInfo|Win32
		{E3C9A9A9-667F-3A27-8D7A-F0652EDF70A3}.Debug|Win32.ActiveCfg = Debug|Win32
		{E3C9A9A9-667F-3A27-8D7A-F0652EDF70A3}.Debug|Win32.Build.0 = Debug|Win32
		{E3C9A9A9-667F-3A27-8D7A-F0652EDF70A3}.Release|Win32.ActiveCfg = Release|Win32
		{E3C9A9A9-667F-3A27-8D7A-F0652EDF70A3}.Release|Win32.Build.0 = Release|Win32
		{E3C9A9A9-667F-3A27-8D7A-F0652EDF70A3}.MinSizeRel|Win32.ActiveCfg = MinSizeRel|Win32
		{E3C9A9A9-667F-3A27-8D7A-F0652EDF70A3}.MinSizeRel|Win32.Build.0 = MinSizeRel|Win32
		{E3C9A9A9-667F-3A27-8D7A-F0652EDF70A3}.RelWithDebInfo|Win32.ActiveCfg = RelWithDebInfo|Win32
		{E3C9A9A9-667F-3A27-8D7A-F0652EDF70A3}.RelWithDebInfo|Win32.Build.0 = RelWithDebInfo|Win32
		{A3149FDE-C735-34C1-BD13-CE57180F82D1}.Debug|Win32.ActiveCfg = Debug|Win32
		{A3149FDE-C735-34C1-BD13-CE57180F82D1}.Debug|Win32.Build.0 = Debug|Win32
		{A3149FDE-C735-34C1-BD13-CE57180F82D1}.Release|Win32.ActiveCfg = Release|Win32
		{A3149FDE-C735-34C1-BD13-CE57180F82D1}.Release|Win32.Build.0 = Release|Win32
		{A3149FDE-C735-34C1-BD13-CE57180F82D1}.MinSizeRel|Win32.ActiveCfg = MinSizeRel|Win32
		{A3149FDE-C735-34C1-BD13-CE57180F82D1}.MinSizeRel|Win32.Build.0 = MinSizeRel|Win32
		{A3149FDE-C735-34C1-BD13-CE57180F82D1}.RelWithDebInfo|Win32.ActiveCfg = RelWithDebInfo|Win32
		{A3149FDE-C735-34C1-BD13-CE57180F82D1}.RelWithDebInfo|Win32.Build.0 = RelWithDebInfo|Win32
		{B27041BD-4FD1-3261-89F9-DF6B01A06B08}.Debug|Win32.ActiveCfg = Debug|Win32
		{B27041BD-4FD1-3261-89F9-DF6B01A06B08}.Debug|Win32.Build.0 = Debug|Win32
		{B27041BD-4FD1-3261-89F9-DF6B01A06B08}.Release|Win32.ActiveCfg = Release|Win32
		{B27041BD-4FD1-3261-89F9-DF6B01A06B08}.Release|Win32.Build.0 = Release|Win32
		{B27041BD-4FD1-3261-89F9-DF6B01A06B08}.MinSizeRel|Win32.ActiveCfg = MinSizeRel|Win32
		{B27041BD-4FD1-3261-89F9-DF6B01A06B08}.MinSizeRel|Win32.Build.0 = MinSizeRel|Win32
		{B27041BD-4FD1-3261-89F9-DF6B01A06B08}.RelWithDebInfo|Win32.ActiveCfg = RelWithDebInfo|Win32
		{B27041BD-4FD1-3261-89F9-DF6B01A06B08}.RelWithDebInfo|Win32.Build.0 = RelWithDebInfo|Win32
		{3CC71653-2B98-3F38-89B5-ABDFCECFE6BB}.Debug|Win32.ActiveCfg = Debug|Win32
		{3CC71653-2B98-3F38-89B5-ABDFCECFE6BB}.Debug|Win32.Build.0 = Debug|Win32
		{3CC71653-2B98-3F38-89B5-ABDFCECFE6BB}.Release|Win32.ActiveCfg = Release|Win32
		{3CC71653-2B98-3F38-89B5-ABDFCECFE6BB}.Release|Win32.Build.0 = Release|Win32
		{3CC71653-2B98-3F38-89B5-ABDFCECFE6BB}.MinSizeRel|Win32.ActiveCfg = MinSizeRel|Win32
		{3CC71653-2B98-3F38-89B5-ABDFCECFE6BB}.MinSizeRel|Win32.Build.0 = MinSizeRel|Win32
		{3CC71653-2B98-3F38-89B5-ABDFCECFE6BB}.RelWithDebInfo|Win32.ActiveCfg = RelWithDebInfo|Win32
		{3CC71653-2B98-3F38-89B5-ABDFCECFE6BB}.RelWithDebInfo|Win32.Build.0 = RelWithDebInfo|Win32
		{676DE435-5B60-3EBA-97C6-4B366820F1C9}.Debug|Win32.ActiveCfg = Debug|Win32
		{676DE435-5B60-3EBA-97C6-4B366820F1C9}.Debug|Win32.Build.0 = Debug|Win32
		{676DE435-5B60-3EBA-97C6-4B366820F1C9}.Release|Win32.ActiveCfg = Release|Win32
		{676DE435-5B60-3EBA-97C6-4B366820F1C9}.Release|Win32.Build.0 = Release|Win32
		{676DE435-5B60-3EBA-97C6-4B366820F1C9}.MinSizeRel|Win32.ActiveCfg = MinSizeRel|Win32
		{676DE435-5B60-3EBA-97C6-4B366820F1C9}.MinSizeRel|Win32.Build.0 = MinSizeRel|Win32
		{676DE435-5B60-3EBA-97C6-4B366820F1C9}.RelWithDebInfo|Win32.ActiveCfg = RelWithDebInfo|Win32
		{676DE435-5B60-3EBA-97C6-4B366820F1C9}.RelWithDebInfo|Win32.Build.0 = RelWithDebInfo|Win32
		{0AB9C861-C45C-3DE8-A2F4-38D866461B43}.Debug|Win32.ActiveCfg = Debug|Win32
		{0AB9C861-C45C-3DE8-A2F4-38D866461B43}.Debug|Win32.Build.0 = Debug|Win32
		{0AB9C861-C45C-3DE8-A2F4-38D866461B43}.Release|Win32.ActiveCfg = Release|Win32
		{0AB9C861-C45C-3DE8-A2F4-38D866461B43}.Release|Win32.Build.0 = Release|Win32
		{0AB9C861-C45C-3DE8-A2F4-38D866461B43}.MinSizeRel|Win32.ActiveCfg = MinSizeRel|Win32
		{0AB9C861-C45C-3DE8-A2F4-38D866461B43}.MinSizeRel|Win32.Build.0 = MinSizeRel|Win32
		{0AB9C861-C45C-3DE8-A2F4-38D866461B43}.RelWithDebInfo|Win32.ActiveCfg = RelWithDebInfo|Win32
		{0AB9C861-C45C-3DE8-A2F4-38D866461B43}.RelWithDebInfo|Win32.Build.0 = RelWithDebInfo|Win32
		{3EBB8BEC-1423-3353-98BD-A7B39EC6430B}.Debug|Win32.ActiveCfg = Debug|Win32
		{3EBB8BEC-1423-3353-98BD-A7B39EC6430B}.Debug|Win32.Build.0 = Debug|Win32
		{3EBB8BEC-1423-3353-98BD-A7B39EC6430B}.Release|Win32.ActiveCfg = Release|Win32
		{3EBB8BEC-1423-3353-98BD-A7B39EC6430B}.Release|Win32.Build.0 = Release|Win32
		{3EBB8BEC-1423-3353-98BD-A7B39EC6430B}.MinSizeRel|Win32.ActiveCfg = MinSizeRel|Win32
		{3EBB8BEC-1423-3353-98BD-A7B39EC6430B}.MinSizeRel|Win32.Build.0 = MinSizeRel|Win32
		{3EBB8BEC-1423-3353-98BD-A7B39EC6430B}.RelWithDebInfo|Win32.ActiveCfg = RelWithDebInfo|Win32
		{3EBB8BEC-1423-3353-98BD-A7B39EC6430B}.RelWithDebInfo|Win32.Build.0 = RelWithDebInfo|Win32
		{AF07F4B6-C15D-363F-8A2F-D152BA863646}.Debug|Win32.ActiveCfg = Debug|Win32
		{AF07F4B6-C15D-363F-8A2F-D152BA863646}.Debug|Win32.Build.0 = Debug|Win32
		{AF07F4B6-C15D-363F-8A2F-D152BA863646}.Release|Win32.ActiveCfg = Release|Win32
		{AF07F4B6-C15D-363F-8A2F-D152BA863646}.Release|Win32.Build.0 = Release|Win32
		{AF07F4B6-C15D-363F-8A2F-D152BA863646}.MinSizeRel|Win32.ActiveCfg = MinSizeRel|Win32
		{AF07F4B6-C15D-363F-8A2F-D152BA863646}.MinSizeRel|Win32.Build.0 = MinSizeRel|Win32
		{AF07F4B6-C15D-363F-8A2F-D152BA863646}.RelWithDebInfo|Win32.ActiveCfg = RelWithDebInfo|Win32
		{AF07F4B6-C15D-363F-8A2F-D152BA863646}.RelWithDebInfo|Win32.Build.0 = RelWithDebInfo|Win32
		{F4F6EE9D-4F25-3523-BB2C-A5469C963F72}.Debug|Win32.ActiveCfg = Debug|Win32
		{F4F6EE9D-4F25-3523-BB2C-A5469C963F72}.Debug|Win32.Build.0 = Debug|Win32
		{F4F6EE9D-4F25-3523-BB2C-A5469C963F72}.Release|Win32.ActiveCfg = Release|Win32
		{F4F6EE9D-4F25-3523-BB2C-A5469C963F72}.Release|Win32.Build.0 = Release|Win32
		{F4F6EE9D-4F25-3523-BB2C-A5469C963F72}.MinSizeRel|Win32.ActiveCfg = MinSizeRel|Win32
		{F4F6EE9D-4F25-3523-BB2C-A5469C963F72}.MinSizeRel|Win32.Build.0 = MinSizeRel|Win32
		{F4F6EE9D-4F25-3523-BB2C-A5469C963F72}.RelWithDebInfo|Win32.ActiveCfg = RelWithDebInfo|Win32
		{F4F6EE9D-4F25-3523-BB2C-A5469C963F72}.RelWithDebInfo|Win32.Build.0 = RelWithDebInfo|Win32
		{AF730A1B-6047-39EC-A710-09B294AE9EAD}.Debug|Win32.ActiveCfg = Debug|Win32
		{AF730A1B-6047-39EC-A710-09B294AE9EAD}.Debug|Win32.Build.0 = Debug|Win32
		{AF730A1B-6047-39EC-A710-09B294AE9EAD}.Release|Win32.ActiveCfg = Release|Win32
		{AF730A1B-6047-39EC-A710-09B294AE9EAD}.Release|Win32.Build.0 = Release|Win32
		{AF730A1B-6047-39EC-A710-09B294AE9EAD}.MinSizeRel|Win32.ActiveCfg = MinSizeRel|Win32
		{AF730A1B-6047-39EC-A710-09B294AE9EAD}.MinSizeRel|Win32.Build.0 = MinSizeRel|Win32
		{AF730A1B-6047-39EC-A710-09B294AE9EAD}.RelWithDebInfo|Win32.ActiveCfg = RelWithDebInfo|Win32
		{AF730A1B-6047-39EC-A710-09B294AE9EAD}.RelWithDebInfo|Win32.Build.0 = RelWithDebInfo|Win32
		{B71FCA19-71CA-3FCA-A6AC-4C19ED4DFDBD}.Debug|Win32.ActiveCfg = Debug|Win32
		{B71FCA19-71CA-3FCA-A6AC-4C19ED4DFDBD}.Debug|Win32.Build.0 = Debug|Win32
		{B71FCA19-71CA-3FCA-A6AC-4C19ED4DFDBD}.Release|Win32.ActiveCfg = Release|Win32
		{B71FCA19-71CA-3FCA-A6AC-4C19ED4DFDBD}.Release|Win32.Build.0 = Release|Win32
		{B71FCA19-71CA-3FCA-A6AC-4C19ED4DFDBD}.MinSizeRel|Win32.ActiveCfg = MinSizeRel|Win32
		{B71FCA19-71CA-3FCA-A6AC-4C19ED4DFDBD}.MinSizeRel|Win32.Build.0 = MinSizeRel|Win32
		{B71FCA19-71CA-3FCA-A6AC-4C19ED4DFDBD}.RelWithDebInfo|Win32.ActiveCfg = RelWithDebInfo|Win32
		{B71FCA19-71CA-3FCA-A6AC-4C19ED4DFDBD}.RelWithDebInfo|Win32.Build.0 = RelWithDebInfo|Win32
		{61FAFB2F-E552-36D9-99F8-47F014000707}.Debug|Win32.ActiveCfg = Debug|Win32
		{61FAFB2F-E552-36D9-99F8-47F014000707}.Debug|Win32.Build.0 = Debug|Win32
		{61FAFB2F-E552-36D9-99F8-47F014000707}.Release|Win32.ActiveCfg = Release|Win32
		{61FAFB2F-E552-36D9-99F8-47F014000707}.Release|Win32.Build.0 = Release|Win32
		{61FAFB2F-E552-36D9-99F8-47F014000707}.MinSizeRel|Win32.ActiveCfg = MinSizeRel|Win32
		{61FAFB2F-E552-36D9-99F8-47F014000707}.MinSizeRel|Win32.Build.0 = MinSizeRel|Win32
		{61FAFB2F-E552-36D9-99F8-47F014000707}.RelWithDebInfo|Win32.ActiveCfg = RelWithDebInfo|Win32
		{61FAFB2F-E552-36D9-99F8-47F014000707}.RelWithDebInfo|Win32.Build.0 = RelWithDebInfo|Win32
		{C1D67A17-7539-3514-B4B5-1B12606FEA3B}.Debug|Win32.ActiveCfg = Debug|Win32
		{C1D67A17-7539-3514-B4B5-1B12606FEA3B}.Debug|Win32.Build.0 = Debug|Win32
		{C1D67A17-7539-3514-B4B5-1B12606FEA3B}.Release|Win32.ActiveCfg = Release|Win32
		{C1D67A17-7539-3514-B4B5-1B12606FEA3B}.Release|Win32.Build.0 = Release|Win32
		{C1D67A17-7539-3514-B4B5-1B12606FEA3B}.MinSizeRel|Win32.ActiveCfg = MinSizeRel|Win32
		{C1D67A17-7539-3514-B4B5-1B12606FEA3B}.MinSizeRel|Win32.Build.0 = MinSizeRel|Win32
		{C1D67A17-7539-3514-B4B5-1B12606FEA3B}.RelWithDebInfo|Win32.ActiveCfg = RelWithDebInfo|Win32
		{C1D67A17-7539-3514-B4B5-1B12606FEA3B}.RelWithDebInfo|Win32.Build.0 = RelWithDebInfo|Win32
		{3500324C-3F9A-31BE-BE53-C6E74D63D2B4}.Debug|Win32.ActiveCfg = Debug|Win32
		{3500324C-3F9A-31BE-BE53-C6E74D63D2B4}.Debug|Win32.Build.0 = Debug|Win32
		{3500324C-3F9A-31BE-BE53-C6E74D63D2B4}.Release|Win32.ActiveCfg = Release|Win32
		{3500324C-3F9A-31BE-BE53-C6E74D63D2B4}.Release|Win32.Build.0 = Release|Win32
		{3500324C-3F9A-31BE-BE53-C6E74D63D2B4}.MinSizeRel|Win32.ActiveCfg = MinSizeRel|Win32
		{3500324C-3F9A-31BE-BE53-C6E74D63D2B4}.MinSizeRel|Win32.Build.0 = MinSizeRel|Win32
		{3500324C-3F9A-31BE-BE53-C6E74D63D2B4}.RelWithDebInfo|Win32.ActiveCfg = RelWithDebInfo|Win32
		{3500324C-3F9A-31BE-BE53-C6E74D63D2B4}.RelWithDebInfo|Win32.Build.0 = RelWithDebInfo|Win32
		{C9261F71-71DE-3581-B366-DCE37AA799A0}.Debug|Win32.ActiveCfg = Debug|Win32
		{C9261F71-71DE-3581-B366-DCE37AA799A0}.Debug|Win32.Build.0 = Debug|Win32
		{C9261F71-71DE-3581-B366-DCE37AA799A0}.Release|Win32.ActiveCfg = Release|Win32
		{C9261F71-71DE-3581-B366-DCE37AA799A0}.Release|Win32.Build.0 = Release|Win32
		{C9261F71-71DE-3581-B366-DCE37AA799A0}.MinSizeRel|Win32.ActiveCfg = MinSizeRel|Win32
		{C9261F71-71DE-3581-B366-DCE37AA799A0}.MinSizeRel|Win32.Build.0 = MinSizeRel|Win32
		{C9261F71-71DE-3581-B366-DCE37AA799A0}.RelWithDebInfo|Win32.ActiveCfg = RelWithDebInfo|Win32
		{C9261F71-71DE-3581-B366-DCE37AA799A0}.RelWithDebInfo|Win32.Build.0 = RelWithDebInfo|Win32
		{EEA48550-DDFF-356D-9FB8-4CF4BD700469}.Debug|Win32.ActiveCfg = Debug|Win32
		{EEA48550-DDFF-356D-9FB8-4CF4BD700469}.Debug|Win32.Build.0 = Debug|Win32
		{EEA48550-DDFF-356D-9FB8-4CF4BD700469}.Release|Win32.ActiveCfg = Release|Win32
		{EEA48550-DDFF-356D-9FB8-4CF4BD700469}.Release|Win32.Build.0 = Release|Win32
		{EEA48550-DDFF-356D-9FB8-4CF4BD700469}.MinSizeRel|Win32.ActiveCfg = MinSizeRel|Win32
		{EEA48550-DDFF-356D-9FB8-4CF4BD700469}.MinSizeRel|Win32.Build.0 = MinSizeRel|Win32
		{EEA48550-DDFF-356D-9FB8-4CF4BD700469}.RelWithDebInfo|Win32.ActiveCfg = RelWithDebInfo|Win32
		{EEA48550-DDFF-356D-9FB8-4CF4BD700469}.RelWithDebInfo|Win32.Build.0 = RelWithDebInfo|Win32
		{60D05F84-77E6-3E51-B831-B19CF2C2E137}.Debug|Win32.ActiveCfg = Debug|Win32
		{60D05F84-77E6-3E51-B831-B19CF2C2E137}.Debug|Win32.Build.0 = Debug|Win32
		{60D05F84-77E6-3E51-B831-B19CF2C2E137}.Release|Win32.ActiveCfg = Release|Win32
		{60D05F84-77E6-3E51-B831-B19CF2C2E137}.Release|Win32.Build.0 = Release|Win32
		{60D05F84-77E6-3E51-B831-B19CF2C2E137}.MinSizeRel|Win32.ActiveCfg = MinSizeRel|Win32
		{60D05F84-77E6-3E51-B831-B19CF2C2E137}.MinSizeRel|Win32.Build.0 = MinSizeRel|Win32
		{60D05F84-77E6-3E51-B831-B19CF2C2E137}.RelWithDebInfo|Win32.ActiveCfg = RelWithDebInfo|Win32
		{60D05F84-77E6-3E51-B831-B19CF2C2E137}.RelWithDebInfo|Win32.Build.0 = RelWithDebInfo|Win32
		{41E1AB7C-498E-3908-ADEA-0B17BD559252}.Debug|Win32.ActiveCfg = Debug|Win32
		{41E1AB7C-498E-3908-ADEA-0B17BD559252}.Debug|Win32.Build.0 = Debug|Win32
		{41E1AB7C-498E-3908-ADEA-0B17BD559252}.Release|Win32.ActiveCfg = Release|Win32
		{41E1AB7C-498E-3908-ADEA-0B17BD559252}.Release|Win32.Build.0 = Release|Win32
		{41E1AB7C-498E-3908-ADEA-0B17BD559252}.MinSizeRel|Win32.ActiveCfg = MinSizeRel|Win32
		{41E1AB7C-498E-3908-ADEA-0B17BD559252}.MinSizeRel|Win32.Build.0 = MinSizeRel|Win32
		{41E1AB7C-498E-3908-ADEA-0B17BD559252}.RelWithDebInfo|Win32.ActiveCfg = RelWithDebInfo|Win32
		{41E1AB7C-498E-3908-ADEA-0B17BD559252}.RelWithDebInfo|Win32.Build.0 = RelWithDebInfo|Win32
		{F7DD389C-1DD0-35B1-813E-DAE3FED46EE2}.Debug|Win32.ActiveCfg = Debug|Win32
		{F7DD389C-1DD0-35B1-813E-DAE3FED46EE2}.Debug|Win32.Build.0 = Debug|Win32
		{F7DD389C-1DD0-35B1-813E-DAE3FED46EE2}.Release|Win32.ActiveCfg = Release|Win32
		{F7DD389C-1DD0-35B1-813E-DAE3FED46EE2}.Release|Win32.Build.0 = Release|Win32
		{F7DD389C-1DD0-35B1-813E-DAE3FED46EE2}.MinSizeRel|Win32.ActiveCfg = MinSizeRel|Win32
		{F7DD389C-1DD0-35B1-813E-DAE3FED46EE2}.MinSizeRel|Win32.Build.0 = MinSizeRel|Win32
		{F7DD389C-1DD0-35B1-813E-DAE3FED46EE2}.RelWithDebInfo|Win32.ActiveCfg = RelWithDebInfo|Win32
		{F7DD389C-1DD0-35B1-813E-DAE3FED46EE2}.RelWithDebInfo|Win32.Build.0 = RelWithDebInfo|Win32
		{683F6641-5414-3D7C-A058-CBB39C4ADA78}.Debug|Win32.ActiveCfg = Debug|Win32
		{683F6641-5414-3D7C-A058-CBB39C4ADA78}.Debug|Win32.Build.0 = Debug|Win32
		{683F6641-5414-3D7C-A058-CBB39C4ADA78}.Release|Win32.ActiveCfg = Release|Win32
		{683F6641-5414-3D7C-A058-CBB39C4ADA78}.Release|Win32.Build.0 = Release|Win32
		{683F6641-5414-3D7C-A058-CBB39C4ADA78}.MinSizeRel|Win32.ActiveCfg = MinSizeRel|Win32
		{683F6641-5414-3D7C-A058-CBB39C4ADA78}.MinSizeRel|Win32.Build.0 = MinSizeRel|Win32
		{683F6641-5414-3D7C-A058-CBB39C4ADA78}.RelWithDebInfo|Win32.ActiveCfg = RelWithDebInfo|Win32
		{683F6641-5414-3D7C-A058-CBB39C4ADA78}.RelWithDebInfo|Win32.Build.0 = RelWithDebInfo|Win32
		{2A39F399-1FD7-3A57-8F0F-37D838E2F4C4}.Debug|Win32.ActiveCfg = Debug|Win32
		{2A39F399-1FD7-3A57-8F0F-37D838E2F4C4}.Release|Win32.ActiveCfg = Release|Win32
		{2A39F399-1FD7-3A57-8F0F-37D838E2F4C4}.MinSizeRel|Win32.ActiveCfg = MinSizeRel|Win32
		{2A39F399-1FD7-3A57-8F0F-37D838E2F4C4}.RelWithDebInfo|Win32.ActiveCfg = RelWithDebInfo|Win32
		{729F25AC-E3B9-38EA-9238-41AB53D633D3}.Debug|Win32.ActiveCfg = Debug|Win32
		{729F25AC-E3B9-38EA-9238-41AB53D633D3}.Debug|Win32.Build.0 = Debug|Win32
		{729F25AC-E3B9-38EA-9238-41AB53D633D3}.Release|Win32.ActiveCfg = Release|Win32
		{729F25AC-E3B9-38EA-9238-41AB53D633D3}.Release|Win32.Build.0 = Release|Win32
		{729F25AC-E3B9-38EA-9238-41AB53D633D3}.MinSizeRel|Win32.ActiveCfg = MinSizeRel|Win32
		{729F25AC-E3B9-38EA-9238-41AB53D633D3}.MinSizeRel|Win32.Build.0 = MinSizeRel|Win32
		{729F25AC-E3B9-38EA-9238-41AB53D633D3}.RelWithDebInfo|Win32.ActiveCfg = RelWithDebInfo|Win32
		{729F25AC-E3B9-38EA-9238-41AB53D633D3}.RelWithDebInfo|Win32.Build.0 = RelWithDebInfo|Win32
		{E133D185-2F29-3053-9CD4-0A7E14BFF749}.Debug|Win32.ActiveCfg = Debug|Win32
		{E133D185-2F29-3053-9CD4-0A7E14BFF749}.Debug|Win32.Build.0 = Debug|Win32
		{E133D185-2F29-3053-9CD4-0A7E14BFF749}.Release|Win32.ActiveCfg = Release|Win32
		{E133D185-2F29-3053-9CD4-0A7E14BFF749}.Release|Win32.Build.0 = Release|Win32
		{E133D185-2F29-3053-9CD4-0A7E14BFF749}.MinSizeRel|Win32.ActiveCfg = MinSizeRel|Win32
		{E133D185-2F29-3053-9CD4-0A7E14BFF749}.MinSizeRel|Win32.Build.0 = MinSizeRel|Win32
		{E133D185-2F29-3053-9CD4-0A7E14BFF749}.RelWithDebInfo|Win32.ActiveCfg = RelWithDebInfo|Win32
		{E133D185-2F29-3053-9CD4-0A7E14BFF749}.RelWithDebInfo|Win32.Build.0 = RelWithDebInfo|Win32
		{3E42E04A-B4B2-3277-ACA9-9138193E606B}.Debug|Win32.ActiveCfg = Debug|Win32
		{3E42E04A-B4B2-3277-ACA9-9138193E606B}.Release|Win32.ActiveCfg = Release|Win32
		{3E42E04A-B4B2-3277-ACA9-9138193E606B}.MinSizeRel|Win32.ActiveCfg = MinSizeRel|Win32
		{3E42E04A-B4B2-3277-ACA9-9138193E606B}.RelWithDebInfo|Win32.ActiveCfg = RelWithDebInfo|Win32
		{6E81AC62-4135-390B-BCEB-167F78DF744C}.Debug|Win32.ActiveCfg = Debug|Win32
		{6E81AC62-4135-390B-BCEB-167F78DF744C}.Debug|Win32.Build.0 = Debug|Win32
		{6E81AC62-4135-390B-BCEB-167F78DF744C}.Release|Win32.ActiveCfg = Release|Win32
		{6E81AC62-4135-390B-BCEB-167F78DF744C}.Release|Win32.Build.0 = Release|Win32
		{6E81AC62-4135-390B-BCEB-167F78DF744C}.MinSizeRel|Win32.ActiveCfg = MinSizeRel|Win32
		{6E81AC62-4135-390B-BCEB-167F78DF744C}.MinSizeRel|Win32.Build.0 = MinSizeRel|Win32
		{6E81AC62-4135-390B-BCEB-167F78DF744C}.RelWithDebInfo|Win32.ActiveCfg = RelWithDebInfo|Win32
		{6E81AC62-4135-390B-BCEB-167F78DF744C}.RelWithDebInfo|Win32.Build.0 = RelWithDebInfo|Win32
		{66C79A70-9980-3E89-9966-0A0F633E1F15}.Debug|Win32.ActiveCfg = Debug|Win32
		{66C79A70-9980-3E89-9966-0A0F633E1F15}.Debug|Win32.Build.0 = Debug|Win32
		{66C79A70-9980-3E89-9966-0A0F633E1F15}.Release|Win32.ActiveCfg = Release|Win32
		{66C79A70-9980-3E89-9966-0A0F633E1F15}.Release|Win32.Build.0 = Release|Win32
		{66C79A70-9980-3E89-9966-0A0F633E1F15}.MinSizeRel|Win32.ActiveCfg = MinSizeRel|Win32
		{66C79A70-9980-3E89-9966-0A0F633E1F15}.MinSizeRel|Win32.Build.0 = MinSizeRel|Win32
		{66C79A70-9980-3E89-9966-0A0F633E1F15}.RelWithDebInfo|Win32.ActiveCfg = RelWithDebInfo|Win32
		{66C79A70-9980-3E89-9966-0A0F633E1F15}.RelWithDebInfo|Win32.Build.0 = RelWithDebInfo|Win32
		{025FA489-E94F-3B6C-82D6-6A88B5423117}.Debug|Win32.ActiveCfg = Debug|Win32
		{025FA489-E94F-3B6C-82D6-6A88B5423117}.Debug|Win32.Build.0 = Debug|Win32
		{025FA489-E94F-3B6C-82D6-6A88B5423117}.Release|Win32.ActiveCfg = Release|Win32
		{025FA489-E94F-3B6C-82D6-6A88B5423117}.Release|Win32.Build.0 = Release|Win32
		{025FA489-E94F-3B6C-82D6-6A88B5423117}.MinSizeRel|Win32.ActiveCfg = MinSizeRel|Win32
		{025FA489-E94F-3B6C-82D6-6A88B5423117}.MinSizeRel|Win32.Build.0 = MinSizeRel|Win32
		{025FA489-E94F-3B6C-82D6-6A88B5423117}.RelWithDebInfo|Win32.ActiveCfg = RelWithDebInfo|Win32
		{025FA489-E94F-3B6C-82D6-6A88B5423117}.RelWithDebInfo|Win32.Build.0 = RelWithDebInfo|Win32
		{16539A64-F4B3-32D8-8AC2-D4F265143072}.Debug|Win32.ActiveCfg = Debug|Win32
		{16539A64-F4B3-32D8-8AC2-D4F265143072}.Debug|Win32.Build.0 = Debug|Win32
		{16539A64-F4B3-32D8-8AC2-D4F265143072}.Release|Win32.ActiveCfg = Release|Win32
		{16539A64-F4B3-32D8-8AC2-D4F265143072}.Release|Win32.Build.0 = Release|Win32
		{16539A64-F4B3-32D8-8AC2-D4F265143072}.MinSizeRel|Win32.ActiveCfg = MinSizeRel|Win32
		{16539A64-F4B3-32D8-8AC2-D4F265143072}.MinSizeRel|Win32.Build.0 = MinSizeRel|Win32
		{16539A64-F4B3-32D8-8AC2-D4F265143072}.RelWithDebInfo|Win32.ActiveCfg = RelWithDebInfo|Win32
		{16539A64-F4B3-32D8-8AC2-D4F265143072}.RelWithDebInfo|Win32.Build.0 = RelWithDebInfo|Win32
		{B99E3C85-5E5A-399A-A7F5-3283990FDF4C}.Debug|Win32.ActiveCfg = Debug|Win32
		{B99E3C85-5E5A-399A-A7F5-3283990FDF4C}.Debug|Win32.Build.0 = Debug|Win32
		{B99E3C85-5E5A-399A-A7F5-3283990FDF4C}.Release|Win32.ActiveCfg = Release|Win32
		{B99E3C85-5E5A-399A-A7F5-3283990FDF4C}.Release|Win32.Build.0 = Release|Win32
		{B99E3C85-5E5A-399A-A7F5-3283990FDF4C}.MinSizeRel|Win32.ActiveCfg = MinSizeRel|Win32
		{B99E3C85-5E5A-399A-A7F5-3283990FDF4C}.MinSizeRel|Win32.Build.0 = MinSizeRel|Win32
		{B99E3C85-5E5A-399A-A7F5-3283990FDF4C}.RelWithDebInfo|Win32.ActiveCfg = RelWithDebInfo|Win32
		{B99E3C85-5E5A-399A-A7F5-3283990FDF4C}.RelWithDebInfo|Win32.Build.0 = RelWithDebInfo|Win32
		{CD1C15B1-1BC1-31C3-94B8-C3B0D7618130}.Debug|Win32.ActiveCfg = Debug|Win32
		{CD1C15B1-1BC1-31C3-94B8-C3B0D7618130}.Debug|Win32.Build.0 = Debug|Win32
		{CD1C15B1-1BC1-31C3-94B8-C3B0D7618130}.Release|Win32.ActiveCfg = Release|Win32
		{CD1C15B1-1BC1-31C3-94B8-C3B0D7618130}.Release|Win32.Build.0 = Release|Win32
		{CD1C15B1-1BC1-31C3-94B8-C3B0D7618130}.MinSizeRel|Win32.ActiveCfg = MinSizeRel|Win32
		{CD1C15B1-1BC1-31C3-94B8-C3B0D7618130}.MinSizeRel|Win32.Build.0 = MinSizeRel|Win32
		{CD1C15B1-1BC1-31C3-94B8-C3B0D7618130}.RelWithDebInfo|Win32.ActiveCfg = RelWithDebInfo|Win32
		{CD1C15B1-1BC1-31C3-94B8-C3B0D7618130}.RelWithDebInfo|Win32.Build.0 = RelWithDebInfo|Win32
		{465E9341-F8C2-3F5F-B50D-BE74F32C3373}.Debug|Win32.ActiveCfg = Debug|Win32
		{465E9341-F8C2-3F5F-B50D-BE74F32C3373}.Debug|Win32.Build.0 = Debug|Win32
		{465E9341-F8C2-3F5F-B50D-BE74F32C3373}.Release|Win32.ActiveCfg = Release|Win32
		{465E9341-F8C2-3F5F-B50D-BE74F32C3373}.Release|Win32.Build.0 = Release|Win32
		{465E9341-F8C2-3F5F-B50D-BE74F32C3373}.MinSizeRel|Win32.ActiveCfg = MinSizeRel|Win32
		{465E9341-F8C2-3F5F-B50D-BE74F32C3373}.MinSizeRel|Win32.Build.0 = MinSizeRel|Win32
		{465E9341-F8C2-3F5F-B50D-BE74F32C3373}.RelWithDebInfo|Win32.ActiveCfg = RelWithDebInfo|Win32
		{465E9341-F8C2-3F5F-B50D-BE74F32C3373}.RelWithDebInfo|Win32.Build.0 = RelWithDebInfo|Win32
		{D7C6EEB6-6DCE-3B97-A937-86DE9F48BB6F}.Debug|Win32.ActiveCfg = Debug|Win32
		{D7C6EEB6-6DCE-3B97-A937-86DE9F48BB6F}.Debug|Win32.Build.0 = Debug|Win32
		{D7C6EEB6-6DCE-3B97-A937-86DE9F48BB6F}.Release|Win32.ActiveCfg = Release|Win32
		{D7C6EEB6-6DCE-3B97-A937-86DE9F48BB6F}.Release|Win32.Build.0 = Release|Win32
		{D7C6EEB6-6DCE-3B97-A937-86DE9F48BB6F}.MinSizeRel|Win32.ActiveCfg = MinSizeRel|Win32
		{D7C6EEB6-6DCE-3B97-A937-86DE9F48BB6F}.MinSizeRel|Win32.Build.0 = MinSizeRel|Win32
		{D7C6EEB6-6DCE-3B97-A937-86DE9F48BB6F}.RelWithDebInfo|Win32.ActiveCfg = RelWithDebInfo|Win32
		{D7C6EEB6-6DCE-3B97-A937-86DE9F48BB6F}.RelWithDebInfo|Win32.Build.0 = RelWithDebInfo|Win32
		{BC6FB5FD-F138-3033-A040-5D6133FACE52}.Debug|Win32.ActiveCfg = Debug|Win32
		{BC6FB5FD-F138-3033-A040-5D6133FACE52}.Debug|Win32.Build.0 = Debug|Win32
		{BC6FB5FD-F138-3033-A040-5D6133FACE52}.Release|Win32.ActiveCfg = Release|Win32
		{BC6FB5FD-F138-3033-A040-5D6133FACE52}.Release|Win32.Build.0 = Release|Win32
		{BC6FB5FD-F138-3033-A040-5D6133FACE52}.MinSizeRel|Win32.ActiveCfg = MinSizeRel|Win32
		{BC6FB5FD-F138-3033-A040-5D6133FACE52}.MinSizeRel|Win32.Build.0 = MinSizeRel|Win32
		{BC6FB5FD-F138-3033-A040-5D6133FACE52}.RelWithDebInfo|Win32.ActiveCfg = RelWithDebInfo|Win32
		{BC6FB5FD-F138-3033-A040-5D6133FACE52}.RelWithDebInfo|Win32.Build.0 = RelWithDebInfo|Win32
	EndGlobalSection
	GlobalSection(ExtensibilityGlobals) = postSolution
	EndGlobalSection
	GlobalSection(ExtensibilityAddIns) = postSolution
	EndGlobalSection
EndGlobal
