<?xml version="1.0" encoding="UTF-8"?>
<Project ToolsVersion="14.0" xmlns="http://schemas.microsoft.com/developer/msbuild/2003">
  <ItemGroup>
    <CustomBuild Include="C:\Hg\winter-break\bullet\CMakeFiles\da68405ae369bc06260ff87fe52cf304\RUN_TESTS_force.rule">
      <Filter>CMake Rules</Filter>
    </CustomBuild>
  </ItemGroup>
  <ItemGroup>
    <Filter Include="CMake Rules">
      <UniqueIdentifier>{306F6D2D-F793-3F32-B693-DC59FBF8BF91}</UniqueIdentifier>
    </Filter>
  </ItemGroup>
</Project>
